
Microsoft Visual Studio Solution File, Format Version 12.00
Project("{FAE04EC0-301F-11D3-BF4B-00C04F79EFBC}") = "BankMVC.Core", "BankMVC.Core\BankMVC.Core.csproj", "{D73B8292-C9C3-4443-986C-4A6A79D5CAFE}"
EndProject
Project("{FAE04EC0-301F-11D3-BF4B-00C04F79EFBC}") = "BankMVC.Model", "BankMVC.Model\BankMVC.Model.csproj", "{C58E5E83-DC1F-4E5F-866F-AEEEC7F916DF}"
EndProject
Project("{FAE04EC0-301F-11D3-BF4B-00C04F79EFBC}") = "BankMVC.Data", "BankMVC.Data\BankMVC.Data.csproj", "{B0DAA522-2E63-4301-B63F-E60AEFD436F8}"
EndProject
Project("{FAE04EC0-301F-11D3-BF4B-00C04F79EFBC}") = "BankMVC.Auxiliary", "BankMVC.Auxiliary\BankMVC.Auxiliary.csproj", "{654AC414-859F-43DD-9010-4EC6E47C1DEE}"
EndProject
Project("{FAE04EC0-301F-11D3-BF4B-00C04F79EFBC}") = "BankMVC.Tests", "BankMVC.Tests\BankMVC.Tests.csproj", "{BAF7B414-366D-4817-A0F5-0E68842BAD6C}"
EndProject
Project("{FAE04EC0-301F-11D3-BF4B-00C04F79EFBC}") = "BankMVC.Repositories", "BankMVC.Repositories\BankMVC.Repositories.csproj", "{82C32731-FCE0-4E80-8508-76496BC8E66D}"
EndProject
Project("{FAE04EC0-301F-11D3-BF4B-00C04F79EFBC}") = "BankMVC.ViewModel", "BankMVC.ViewModel\BankMVC.ViewModel.csproj", "{6B384F9D-DBCF-44EE-9267-B9648E3CD975}"
EndProject
Global
	GlobalSection(SolutionConfigurationPlatforms) = preSolution
		Debug|Any CPU = Debug|Any CPU
		Release|Any CPU = Release|Any CPU
	EndGlobalSection
	GlobalSection(ProjectConfigurationPlatforms) = postSolution
		{D73B8292-C9C3-4443-986C-4A6A79D5CAFE}.Debug|Any CPU.ActiveCfg = Debug|Any CPU
		{D73B8292-C9C3-4443-986C-4A6A79D5CAFE}.Debug|Any CPU.Build.0 = Debug|Any CPU
		{D73B8292-C9C3-4443-986C-4A6A79D5CAFE}.Release|Any CPU.ActiveCfg = Release|Any CPU
		{D73B8292-C9C3-4443-986C-4A6A79D5CAFE}.Release|Any CPU.Build.0 = Release|Any CPU
		{C58E5E83-DC1F-4E5F-866F-AEEEC7F916DF}.Debug|Any CPU.ActiveCfg = Debug|Any CPU
		{C58E5E83-DC1F-4E5F-866F-AEEEC7F916DF}.Debug|Any CPU.Build.0 = Debug|Any CPU
		{C58E5E83-DC1F-4E5F-866F-AEEEC7F916DF}.Release|Any CPU.ActiveCfg = Release|Any CPU
		{C58E5E83-DC1F-4E5F-866F-AEEEC7F916DF}.Release|Any CPU.Build.0 = Release|Any CPU
		{B0DAA522-2E63-4301-B63F-E60AEFD436F8}.Debug|Any CPU.ActiveCfg = Debug|Any CPU
		{B0DAA522-2E63-4301-B63F-E60AEFD436F8}.Debug|Any CPU.Build.0 = Debug|Any CPU
		{B0DAA522-2E63-4301-B63F-E60AEFD436F8}.Release|Any CPU.ActiveCfg = Release|Any CPU
		{B0DAA522-2E63-4301-B63F-E60AEFD436F8}.Release|Any CPU.Build.0 = Release|Any CPU
		{654AC414-859F-43DD-9010-4EC6E47C1DEE}.Debug|Any CPU.ActiveCfg = Debug|Any CPU
		{654AC414-859F-43DD-9010-4EC6E47C1DEE}.Debug|Any CPU.Build.0 = Debug|Any CPU
		{654AC414-859F-43DD-9010-4EC6E47C1DEE}.Release|Any CPU.ActiveCfg = Release|Any CPU
		{654AC414-859F-43DD-9010-4EC6E47C1DEE}.Release|Any CPU.Build.0 = Release|Any CPU
		{BAF7B414-366D-4817-A0F5-0E68842BAD6C}.Debug|Any CPU.ActiveCfg = Debug|Any CPU
		{BAF7B414-366D-4817-A0F5-0E68842BAD6C}.Debug|Any CPU.Build.0 = Debug|Any CPU
		{BAF7B414-366D-4817-A0F5-0E68842BAD6C}.Release|Any CPU.ActiveCfg = Release|Any CPU
		{BAF7B414-366D-4817-A0F5-0E68842BAD6C}.Release|Any CPU.Build.0 = Release|Any CPU
		{82C32731-FCE0-4E80-8508-76496BC8E66D}.Debug|Any CPU.ActiveCfg = Debug|Any CPU
		{82C32731-FCE0-4E80-8508-76496BC8E66D}.Debug|Any CPU.Build.0 = Debug|Any CPU
		{82C32731-FCE0-4E80-8508-76496BC8E66D}.Release|Any CPU.ActiveCfg = Release|Any CPU
		{82C32731-FCE0-4E80-8508-76496BC8E66D}.Release|Any CPU.Build.0 = Release|Any CPU
		{6B384F9D-DBCF-44EE-9267-B9648E3CD975}.Debug|Any CPU.ActiveCfg = Debug|Any CPU
		{6B384F9D-DBCF-44EE-9267-B9648E3CD975}.Debug|Any CPU.Build.0 = Debug|Any CPU
		{6B384F9D-DBCF-44EE-9267-B9648E3CD975}.Release|Any CPU.ActiveCfg = Release|Any CPU
		{6B384F9D-DBCF-44EE-9267-B9648E3CD975}.Release|Any CPU.Build.0 = Release|Any CPU
	EndGlobalSection
EndGlobal
