
Microsoft Visual Studio Solution File, Format Version 12.00
Project("{FAE04EC0-301F-11D3-BF4B-00C04F79EFBC}") = "BankMVC.Core", "BankMVC.Core\BankMVC.Core.csproj", "{D73B8292-C9C3-4443-986C-4A6A79D5CAFE}"
EndProject
Project("{FAE04EC0-301F-11D3-BF4B-00C04F79EFBC}") = "BankMVC.Model", "BankMVC.Model\BankMVC.Model.csproj", "{C58E5E83-DC1F-4E5F-866F-AEEEC7F916DF}"
EndProject
Project("{FAE04EC0-301F-11D3-BF4B-00C04F79EFBC}") = "BankMVC.Data", "BankMVC.Data\BankMVC.Data.csproj", "{B0DAA522-2E63-4301-B63F-E60AEFD436F8}"
EndProject
Global
	GlobalSection(SolutionConfigurationPlatforms) = preSolution
		Debug|Any CPU = Debug|Any CPU
		Release|Any CPU = Release|Any CPU
	EndGlobalSection
	GlobalSection(ProjectConfigurationPlatforms) = postSolution
		{D73B8292-C9C3-4443-986C-4A6A79D5CAFE}.Debug|Any CPU.ActiveCfg = Debug|Any CPU
		{D73B8292-C9C3-4443-986C-4A6A79D5CAFE}.Debug|Any CPU.Build.0 = Debug|Any CPU
		{D73B8292-C9C3-4443-986C-4A6A79D5CAFE}.Release|Any CPU.ActiveCfg = Release|Any CPU
		{D73B8292-C9C3-4443-986C-4A6A79D5CAFE}.Release|Any CPU.Build.0 = Release|Any CPU
		{C58E5E83-DC1F-4E5F-866F-AEEEC7F916DF}.Debug|Any CPU.ActiveCfg = Debug|Any CPU
		{C58E5E83-DC1F-4E5F-866F-AEEEC7F916DF}.Debug|Any CPU.Build.0 = Debug|Any CPU
		{C58E5E83-DC1F-4E5F-866F-AEEEC7F916DF}.Release|Any CPU.ActiveCfg = Release|Any CPU
		{C58E5E83-DC1F-4E5F-866F-AEEEC7F916DF}.Release|Any CPU.Build.0 = Release|Any CPU
		{B0DAA522-2E63-4301-B63F-E60AEFD436F8}.Debug|Any CPU.ActiveCfg = Debug|Any CPU
		{B0DAA522-2E63-4301-B63F-E60AEFD436F8}.Debug|Any CPU.Build.0 = Debug|Any CPU
		{B0DAA522-2E63-4301-B63F-E60AEFD436F8}.Release|Any CPU.ActiveCfg = Release|Any CPU
		{B0DAA522-2E63-4301-B63F-E60AEFD436F8}.Release|Any CPU.Build.0 = Release|Any CPU
	EndGlobalSection
EndGlobal
